
Microsoft Visual Studio Solution File, Format Version 12.00
# Visual Studio Version 17
VisualStudioVersion = 17.7.34221.43
MinimumVisualStudioVersion = 10.0.40219.1
Project("{FAE04EC0-301F-11D3-BF4B-00C04F79EFBC}") = "C# lernen", "C# lernen\C# lernen.csproj", "{C36EF5A5-16E2-4E93-BF7A-88858D419D17}"
EndProject
Global
	GlobalSection(SolutionConfigurationPlatforms) = preSolution
		Debug|Any CPU = Debug|Any CPU
		Release|Any CPU = Release|Any CPU
	EndGlobalSection
	GlobalSection(ProjectConfigurationPlatforms) = postSolution
		{C36EF5A5-16E2-4E93-BF7A-88858D419D17}.Debug|Any CPU.ActiveCfg = Debug|Any CPU
		{C36EF5A5-16E2-4E93-BF7A-88858D419D17}.Debug|Any CPU.Build.0 = Debug|Any CPU
		{C36EF5A5-16E2-4E93-BF7A-88858D419D17}.Release|Any CPU.ActiveCfg = Release|Any CPU
		{C36EF5A5-16E2-4E93-BF7A-88858D419D17}.Release|Any CPU.Build.0 = Release|Any CPU
	EndGlobalSection
	GlobalSection(SolutionProperties) = preSolution
		HideSolutionNode = FALSE
	EndGlobalSection
	GlobalSection(ExtensibilityGlobals) = postSolution
		SolutionGuid = {94F7EBEA-C059-4544-9171-451C50615CCC}
	EndGlobalSection
EndGlobal
